
Microsoft Visual Studio Solution File, Format Version 12.00
# Visual Studio 15
Project("{FAE04EC0-301F-11D3-BF4B-00C04F79EFBC}") = "Quaver", "Quaver.csproj", "{23298875-0F6B-50B5-7E5C-3C9E46631461}"
EndProject
Project("{FAE04EC0-301F-11D3-BF4B-00C04F79EFBC}") = "Quaver.Editor", "Quaver.Editor.csproj", "{C89C44D0-2C38-A699-57DB-863F49E2A44B}"
EndProject
Global
	GlobalSection(SolutionConfigurationPlatforms) = preSolution
		Debug|Any CPU = Debug|Any CPU
		Release|Any CPU = Release|Any CPU
	EndGlobalSection
	GlobalSection(ProjectConfigurationPlatforms) = postSolution
		{23298875-0F6B-50B5-7E5C-3C9E46631461}.Debug|Any CPU.ActiveCfg = Debug|Any CPU
		{23298875-0F6B-50B5-7E5C-3C9E46631461}.Debug|Any CPU.Build.0 = Debug|Any CPU
		{23298875-0F6B-50B5-7E5C-3C9E46631461}.Release|Any CPU.ActiveCfg = Release|Any CPU
		{23298875-0F6B-50B5-7E5C-3C9E46631461}.Release|Any CPU.Build.0 = Release|Any CPU
		{C89C44D0-2C38-A699-57DB-863F49E2A44B}.Debug|Any CPU.ActiveCfg = Debug|Any CPU
		{C89C44D0-2C38-A699-57DB-863F49E2A44B}.Debug|Any CPU.Build.0 = Debug|Any CPU
		{C89C44D0-2C38-A699-57DB-863F49E2A44B}.Release|Any CPU.ActiveCfg = Release|Any CPU
		{C89C44D0-2C38-A699-57DB-863F49E2A44B}.Release|Any CPU.Build.0 = Release|Any CPU
	EndGlobalSection
	GlobalSection(SolutionProperties) = preSolution
		HideSolutionNode = FALSE
	EndGlobalSection
EndGlobal
